
Microsoft Visual Studio Solution File, Format Version 12.00
# Visual Studio Version 17
VisualStudioVersion = 17.8.34330.188
MinimumVisualStudioVersion = 10.0.40219.1
Project("{FAE04EC0-301F-11D3-BF4B-00C04F79EFBC}") = "EnemyFix", "EnemyFix\EnemyFix.csproj", "{3FA5FC0F-BB81-41CD-A8F2-D473323E7326}"
EndProject
Global
	GlobalSection(SolutionConfigurationPlatforms) = preSolution
		Debug|Any CPU = Debug|Any CPU
		Release|Any CPU = Release|Any CPU
	EndGlobalSection
	GlobalSection(ProjectConfigurationPlatforms) = postSolution
		{3FA5FC0F-BB81-41CD-A8F2-D473323E7326}.Debug|Any CPU.ActiveCfg = Debug|Any CPU
		{3FA5FC0F-BB81-41CD-A8F2-D473323E7326}.Debug|Any CPU.Build.0 = Debug|Any CPU
		{3FA5FC0F-BB81-41CD-A8F2-D473323E7326}.Release|Any CPU.ActiveCfg = Release|Any CPU
		{3FA5FC0F-BB81-41CD-A8F2-D473323E7326}.Release|Any CPU.Build.0 = Release|Any CPU
	EndGlobalSection
	GlobalSection(SolutionProperties) = preSolution
		HideSolutionNode = FALSE
	EndGlobalSection
	GlobalSection(ExtensibilityGlobals) = postSolution
		SolutionGuid = {1B75A3C5-CFA7-4D13-A241-030F69790AF4}
	EndGlobalSection
EndGlobal
